// !$*UTF8*$!
{
	archiveVersion = 1;
	classes = {
	};
	objectVersion = 50;
	objects = {

/* Begin PBXBuildFile section */
		960AB30F727C4DC070023546 /* Pods_Stranger_ChatTests.framework in Frameworks */ = {isa = PBXBuildFile; fileRef = 1BEEFFE643688F4A05751E6D /* Pods_Stranger_ChatTests.framework */; };
		D3331DAA2285D21100301CBA /* String+isValidName.swift in Sources */ = {isa = PBXBuildFile; fileRef = D3331DA92285D21100301CBA /* String+isValidName.swift */; };
		D348D12A238716640012D43C /* Provider.swift in Sources */ = {isa = PBXBuildFile; fileRef = D348D129238716640012D43C /* Provider.swift */; };
		D348D12C2387168D0012D43C /* ScreenAssembly.swift in Sources */ = {isa = PBXBuildFile; fileRef = D348D12B2387168D0012D43C /* ScreenAssembly.swift */; };
		D348D12E238716C10012D43C /* RepositoryAssembly.swift in Sources */ = {isa = PBXBuildFile; fileRef = D348D12D238716C10012D43C /* RepositoryAssembly.swift */; };
		D348D130238719950012D43C /* ServicesAssembly.swift in Sources */ = {isa = PBXBuildFile; fileRef = D348D12F238719950012D43C /* ServicesAssembly.swift */; };
		D348D134238721AF0012D43C /* FirebaseUsersRepository.swift in Sources */ = {isa = PBXBuildFile; fileRef = D348D133238721AF0012D43C /* FirebaseUsersRepository.swift */; };
		D348D13723872C700012D43C /* RealmManager.swift in Sources */ = {isa = PBXBuildFile; fileRef = D348D13623872C700012D43C /* RealmManager.swift */; };
		D348D13A23872EFF0012D43C /* AppUserModel.swift in Sources */ = {isa = PBXBuildFile; fileRef = D348D13923872EFF0012D43C /* AppUserModel.swift */; };
		D348D13D23872F330012D43C /* AppUser.swift in Sources */ = {isa = PBXBuildFile; fileRef = D348D13C23872F330012D43C /* AppUser.swift */; };
		D361596E22A544400021B346 /* LoginUITests.swift in Sources */ = {isa = PBXBuildFile; fileRef = D361596B22A544300021B346 /* LoginUITests.swift */; };
		D3615AF422AF8EAE0021B346 /* AlertBuilder.swift in Sources */ = {isa = PBXBuildFile; fileRef = D3615AF322AF8EAE0021B346 /* AlertBuilder.swift */; };
		D3632AA4238C3B340072A762 /* OfflineModeLoginWorker.swift in Sources */ = {isa = PBXBuildFile; fileRef = D3632AA3238C3B340072A762 /* OfflineModeLoginWorker.swift */; };
		D3632AA7238C3EEF0072A762 /* LocalUserRepository.swift in Sources */ = {isa = PBXBuildFile; fileRef = D3632AA6238C3EEF0072A762 /* LocalUserRepository.swift */; };
		D3632AAC238C4B340072A762 /* LoginViewController.swift in Sources */ = {isa = PBXBuildFile; fileRef = D3632AAA238C4B340072A762 /* LoginViewController.swift */; };
		D3632AAD238C4B340072A762 /* LoginViewController.xib in Resources */ = {isa = PBXBuildFile; fileRef = D3632AAB238C4B340072A762 /* LoginViewController.xib */; };
		D3632AAF238C4B440072A762 /* LoginInteractor.swift in Sources */ = {isa = PBXBuildFile; fileRef = D3632AAE238C4B440072A762 /* LoginInteractor.swift */; };
		D3632AB1238C4B4D0072A762 /* LoginPresenter.swift in Sources */ = {isa = PBXBuildFile; fileRef = D3632AB0238C4B4D0072A762 /* LoginPresenter.swift */; };
		D3632AB3238C4B540072A762 /* LoginRouter.swift in Sources */ = {isa = PBXBuildFile; fileRef = D3632AB2238C4B540072A762 /* LoginRouter.swift */; };
		D3632AB5238C4B5D0072A762 /* LoginWorker.swift in Sources */ = {isa = PBXBuildFile; fileRef = D3632AB4238C4B5D0072A762 /* LoginWorker.swift */; };
		D3632AC3238C504B0072A762 /* LoginData.swift in Sources */ = {isa = PBXBuildFile; fileRef = D3632AC2238C504B0072A762 /* LoginData.swift */; };
		D3632AC9238C5FFB0072A762 /* RegisterPresenter.swift in Sources */ = {isa = PBXBuildFile; fileRef = D3632AC4238C5FFB0072A762 /* RegisterPresenter.swift */; };
		D3632ACA238C5FFB0072A762 /* RegisterWorker.swift in Sources */ = {isa = PBXBuildFile; fileRef = D3632AC5238C5FFB0072A762 /* RegisterWorker.swift */; };
		D3632ACB238C5FFB0072A762 /* RegisterRouter.swift in Sources */ = {isa = PBXBuildFile; fileRef = D3632AC6238C5FFB0072A762 /* RegisterRouter.swift */; };
		D3632ACC238C5FFB0072A762 /* RegisterViewController.swift in Sources */ = {isa = PBXBuildFile; fileRef = D3632AC7238C5FFB0072A762 /* RegisterViewController.swift */; };
		D3632ACD238C5FFB0072A762 /* RegisterInteractor.swift in Sources */ = {isa = PBXBuildFile; fileRef = D3632AC8238C5FFB0072A762 /* RegisterInteractor.swift */; };
		D3632ACF238C60130072A762 /* RegisterViewController.xib in Resources */ = {isa = PBXBuildFile; fileRef = D3632ACE238C60130072A762 /* RegisterViewController.xib */; };
		D3632AD1238C61D40072A762 /* RegisterData.swift in Sources */ = {isa = PBXBuildFile; fileRef = D3632AD0238C61D40072A762 /* RegisterData.swift */; };
		D3632AD3238C74580072A762 /* Error+Code.swift in Sources */ = {isa = PBXBuildFile; fileRef = D3632AD2238C74580072A762 /* Error+Code.swift */; };
		D3632ADA238D9CD50072A762 /* HomePresenter.swift in Sources */ = {isa = PBXBuildFile; fileRef = D3632AD5238D9CD40072A762 /* HomePresenter.swift */; };
		D3632ADB238D9CD50072A762 /* HomeWorker.swift in Sources */ = {isa = PBXBuildFile; fileRef = D3632AD6238D9CD40072A762 /* HomeWorker.swift */; };
		D3632ADC238D9CD50072A762 /* HomeRouter.swift in Sources */ = {isa = PBXBuildFile; fileRef = D3632AD7238D9CD40072A762 /* HomeRouter.swift */; };
		D3632ADD238D9CD50072A762 /* HomeViewController.swift in Sources */ = {isa = PBXBuildFile; fileRef = D3632AD8238D9CD40072A762 /* HomeViewController.swift */; };
		D3632ADE238D9CD50072A762 /* HomeInteractor.swift in Sources */ = {isa = PBXBuildFile; fileRef = D3632AD9238D9CD40072A762 /* HomeInteractor.swift */; };
		D3632AE0238D9CE60072A762 /* HomeViewController.xib in Resources */ = {isa = PBXBuildFile; fileRef = D3632ADF238D9CE60072A762 /* HomeViewController.xib */; };
		D3632AE3238DA0F00072A762 /* MainTabBarController.swift in Sources */ = {isa = PBXBuildFile; fileRef = D3632AE2238DA0F00072A762 /* MainTabBarController.swift */; };
		D3632AEB238DA8D60072A762 /* StrangersBrowserPresenter.swift in Sources */ = {isa = PBXBuildFile; fileRef = D3632AE6238DA8D50072A762 /* StrangersBrowserPresenter.swift */; };
		D3632AEC238DA8D60072A762 /* StrangersBrowserWorker.swift in Sources */ = {isa = PBXBuildFile; fileRef = D3632AE7238DA8D50072A762 /* StrangersBrowserWorker.swift */; };
		D3632AED238DA8D60072A762 /* StrangersBrowserRouter.swift in Sources */ = {isa = PBXBuildFile; fileRef = D3632AE8238DA8D50072A762 /* StrangersBrowserRouter.swift */; };
		D3632AEE238DA8D60072A762 /* StrangersBrowserViewController.swift in Sources */ = {isa = PBXBuildFile; fileRef = D3632AE9238DA8D50072A762 /* StrangersBrowserViewController.swift */; };
		D3632AEF238DA8D60072A762 /* StrangersBrowserInteractor.swift in Sources */ = {isa = PBXBuildFile; fileRef = D3632AEA238DA8D50072A762 /* StrangersBrowserInteractor.swift */; };
		D3632AF1238DA8F80072A762 /* StrangersBrowserViewController.xib in Resources */ = {isa = PBXBuildFile; fileRef = D3632AF0238DA8F80072A762 /* StrangersBrowserViewController.xib */; };
		D3632AF4238DB8680072A762 /* CurrentUserRepository.swift in Sources */ = {isa = PBXBuildFile; fileRef = D3632AF3238DB8680072A762 /* CurrentUserRepository.swift */; };
		D38004D2226F30DA00C01683 /* RoundButton.swift in Sources */ = {isa = PBXBuildFile; fileRef = D38004D1226F30DA00C01683 /* RoundButton.swift */; };
		D3B6B89E2265AE4500B7CC14 /* MCSessionAdapter.swift in Sources */ = {isa = PBXBuildFile; fileRef = D3B6B89D2265AE4500B7CC14 /* MCSessionAdapter.swift */; };
		D3B6B8A02265AE5200B7CC14 /* PeerClientSession.swift in Sources */ = {isa = PBXBuildFile; fileRef = D3B6B89F2265AE5200B7CC14 /* PeerClientSession.swift */; };
		D3B6B8A22265AE5F00B7CC14 /* PeerHostSession.swift in Sources */ = {isa = PBXBuildFile; fileRef = D3B6B8A12265AE5F00B7CC14 /* PeerHostSession.swift */; };
		D3B6B8A42265AE6900B7CC14 /* PeerSession.swift in Sources */ = {isa = PBXBuildFile; fileRef = D3B6B8A32265AE6900B7CC14 /* PeerSession.swift */; };
		D3CAAB8A21A2083700B9149C /* AppDelegate.swift in Sources */ = {isa = PBXBuildFile; fileRef = D3CAAB8921A2083700B9149C /* AppDelegate.swift */; };
		D3CAAB9121A2083B00B9149C /* Assets.xcassets in Resources */ = {isa = PBXBuildFile; fileRef = D3CAAB9021A2083B00B9149C /* Assets.xcassets */; };
		D3CAAB9421A2083B00B9149C /* LaunchScreen.storyboard in Resources */ = {isa = PBXBuildFile; fileRef = D3CAAB9221A2083B00B9149C /* LaunchScreen.storyboard */; };
		D3CAABD021A2DCA400B9149C /* GoogleService-Info.plist in Resources */ = {isa = PBXBuildFile; fileRef = D3CAABCF21A2DCA400B9149C /* GoogleService-Info.plist */; };
		D3CAABD721A34C8900B9149C /* Router.swift in Sources */ = {isa = PBXBuildFile; fileRef = D3CAABD621A34C8900B9149C /* Router.swift */; };
		D3CAABD921A355D900B9149C /* LandingViewController.swift in Sources */ = {isa = PBXBuildFile; fileRef = D3CAABD821A355D900B9149C /* LandingViewController.swift */; };
		D3CAABDD21A3560100B9149C /* LandingRouter.swift in Sources */ = {isa = PBXBuildFile; fileRef = D3CAABDC21A3560100B9149C /* LandingRouter.swift */; };
		D3CAABFD21A5DE0F00B9149C /* Localizable.strings in Resources */ = {isa = PBXBuildFile; fileRef = D3CAABFF21A5DE0F00B9149C /* Localizable.strings */; };
		D3E6D55D2216CA7100AF73D7 /* OfflineModeLoginViewController.swift in Sources */ = {isa = PBXBuildFile; fileRef = D3E6D55B2216CA7100AF73D7 /* OfflineModeLoginViewController.swift */; };
		D3E6D55E2216CA7100AF73D7 /* OfflineModeLoginViewController.xib in Resources */ = {isa = PBXBuildFile; fileRef = D3E6D55C2216CA7100AF73D7 /* OfflineModeLoginViewController.xib */; };
		D3E6D5602216CA9300AF73D7 /* LandingViewController.xib in Resources */ = {isa = PBXBuildFile; fileRef = D3E6D55F2216CA9300AF73D7 /* LandingViewController.xib */; };
		D3E6D5632216D60800AF73D7 /* UIControl+Localizable.swift in Sources */ = {isa = PBXBuildFile; fileRef = D3E6D5622216D60800AF73D7 /* UIControl+Localizable.swift */; };
		D3E6D5672216D94100AF73D7 /* OfflineModeLoginInteractor.swift in Sources */ = {isa = PBXBuildFile; fileRef = D3E6D5662216D94100AF73D7 /* OfflineModeLoginInteractor.swift */; };
		D3E6D5692216D94A00AF73D7 /* OfflineModeLoginPresenter.swift in Sources */ = {isa = PBXBuildFile; fileRef = D3E6D5682216D94A00AF73D7 /* OfflineModeLoginPresenter.swift */; };
		D3E6D56B2216D96C00AF73D7 /* OfflineModeLoginRouter.swift in Sources */ = {isa = PBXBuildFile; fileRef = D3E6D56A2216D96C00AF73D7 /* OfflineModeLoginRouter.swift */; };
		D3E6D58722281D5D00AF73D7 /* RegisterValidator.swift in Sources */ = {isa = PBXBuildFile; fileRef = D3E6D58622281D5D00AF73D7 /* RegisterValidator.swift */; };
		D3E6D58A22281F2400AF73D7 /* ValidationError.swift in Sources */ = {isa = PBXBuildFile; fileRef = D3E6D58922281F2400AF73D7 /* ValidationError.swift */; };
		D3E6D58F222820B500AF73D7 /* LandingInteractor.swift in Sources */ = {isa = PBXBuildFile; fileRef = D3E6D58E222820B400AF73D7 /* LandingInteractor.swift */; };
		D3ECC597239A8FDC00548E9B /* Collection+SafeIndex.swift in Sources */ = {isa = PBXBuildFile; fileRef = D3ECC596239A8FDC00548E9B /* Collection+SafeIndex.swift */; };
		D3ECC599239B0B7900548E9B /* Optional+NilOrEmpty.swift in Sources */ = {isa = PBXBuildFile; fileRef = D3ECC598239B0B7900548E9B /* Optional+NilOrEmpty.swift */; };
		D3ECC59B239B112F00548E9B /* LandingInteractor.swift in Sources */ = {isa = PBXBuildFile; fileRef = D3ECC59A239B112F00548E9B /* LandingInteractor.swift */; };
		FDAB1AE32676E023C30312C5 /* Pods_Stranger_Chat.framework in Frameworks */ = {isa = PBXBuildFile; fileRef = 2AEFBFAD0AC8547E53D115D1 /* Pods_Stranger_Chat.framework */; };
/* End PBXBuildFile section */

/* Begin PBXContainerItemProxy section */
		D361596622A544180021B346 /* PBXContainerItemProxy */ = {
			isa = PBXContainerItemProxy;
			containerPortal = D3CAAB7E21A2083700B9149C /* Project object */;
			proxyType = 1;
			remoteGlobalIDString = D3CAAB8521A2083700B9149C;
			remoteInfo = "Stranger-Chat";
		};
		D3CAAB9B21A2083B00B9149C /* PBXContainerItemProxy */ = {
			isa = PBXContainerItemProxy;
			containerPortal = D3CAAB7E21A2083700B9149C /* Project object */;
			proxyType = 1;
			remoteGlobalIDString = D3CAAB8521A2083700B9149C;
			remoteInfo = "Stranger-Chat";
		};
/* End PBXContainerItemProxy section */

/* Begin PBXFileReference section */
		17C9842F995B0CBE9DC40E71 /* Pods-Stranger-Chat.debug.xcconfig */ = {isa = PBXFileReference; includeInIndex = 1; lastKnownFileType = text.xcconfig; name = "Pods-Stranger-Chat.debug.xcconfig"; path = "Pods/Target Support Files/Pods-Stranger-Chat/Pods-Stranger-Chat.debug.xcconfig"; sourceTree = "<group>"; };
		1BEEFFE643688F4A05751E6D /* Pods_Stranger_ChatTests.framework */ = {isa = PBXFileReference; explicitFileType = wrapper.framework; includeInIndex = 0; path = Pods_Stranger_ChatTests.framework; sourceTree = BUILT_PRODUCTS_DIR; };
		2AEFBFAD0AC8547E53D115D1 /* Pods_Stranger_Chat.framework */ = {isa = PBXFileReference; explicitFileType = wrapper.framework; includeInIndex = 0; path = Pods_Stranger_Chat.framework; sourceTree = BUILT_PRODUCTS_DIR; };
		6B1927CEBC69B3FCEDF5BC7C /* Pods-Stranger-ChatTests.debug.xcconfig */ = {isa = PBXFileReference; includeInIndex = 1; lastKnownFileType = text.xcconfig; name = "Pods-Stranger-ChatTests.debug.xcconfig"; path = "Pods/Target Support Files/Pods-Stranger-ChatTests/Pods-Stranger-ChatTests.debug.xcconfig"; sourceTree = "<group>"; };
		96B9FC2CD652D695ABFB7ADB /* Pods-Stranger-Chat.release.xcconfig */ = {isa = PBXFileReference; includeInIndex = 1; lastKnownFileType = text.xcconfig; name = "Pods-Stranger-Chat.release.xcconfig"; path = "Pods/Target Support Files/Pods-Stranger-Chat/Pods-Stranger-Chat.release.xcconfig"; sourceTree = "<group>"; };
		9BCEF05A18C9AB33A5302B59 /* Pods-Stranger-ChatTests.release.xcconfig */ = {isa = PBXFileReference; includeInIndex = 1; lastKnownFileType = text.xcconfig; name = "Pods-Stranger-ChatTests.release.xcconfig"; path = "Pods/Target Support Files/Pods-Stranger-ChatTests/Pods-Stranger-ChatTests.release.xcconfig"; sourceTree = "<group>"; };
		A594BC1B4CE144C08DF6A978 /* Pods_Stranger_ChatUITests.framework */ = {isa = PBXFileReference; explicitFileType = wrapper.framework; includeInIndex = 0; path = Pods_Stranger_ChatUITests.framework; sourceTree = BUILT_PRODUCTS_DIR; };
		D3331DA92285D21100301CBA /* String+isValidName.swift */ = {isa = PBXFileReference; lastKnownFileType = sourcecode.swift; path = "String+isValidName.swift"; sourceTree = "<group>"; };
		D348D129238716640012D43C /* Provider.swift */ = {isa = PBXFileReference; lastKnownFileType = sourcecode.swift; path = Provider.swift; sourceTree = "<group>"; };
		D348D12B2387168D0012D43C /* ScreenAssembly.swift */ = {isa = PBXFileReference; lastKnownFileType = sourcecode.swift; path = ScreenAssembly.swift; sourceTree = "<group>"; };
		D348D12D238716C10012D43C /* RepositoryAssembly.swift */ = {isa = PBXFileReference; lastKnownFileType = sourcecode.swift; path = RepositoryAssembly.swift; sourceTree = "<group>"; };
		D348D12F238719950012D43C /* ServicesAssembly.swift */ = {isa = PBXFileReference; lastKnownFileType = sourcecode.swift; path = ServicesAssembly.swift; sourceTree = "<group>"; };
		D348D133238721AF0012D43C /* FirebaseUsersRepository.swift */ = {isa = PBXFileReference; lastKnownFileType = sourcecode.swift; path = FirebaseUsersRepository.swift; sourceTree = "<group>"; };
		D348D13623872C700012D43C /* RealmManager.swift */ = {isa = PBXFileReference; lastKnownFileType = sourcecode.swift; path = RealmManager.swift; sourceTree = "<group>"; };
		D348D13923872EFF0012D43C /* AppUserModel.swift */ = {isa = PBXFileReference; lastKnownFileType = sourcecode.swift; path = AppUserModel.swift; sourceTree = "<group>"; };
		D348D13C23872F330012D43C /* AppUser.swift */ = {isa = PBXFileReference; lastKnownFileType = sourcecode.swift; path = AppUser.swift; sourceTree = "<group>"; };
		D361595C22A543B40021B346 /* Stranger-ChatTests copy-Info.plist */ = {isa = PBXFileReference; lastKnownFileType = text.plist.xml; name = "Stranger-ChatTests copy-Info.plist"; path = "/Users/jakubdanielczyk/Dev/Stranger-Chat/Stranger-ChatTests copy-Info.plist"; sourceTree = "<absolute>"; };
		D361596122A544180021B346 /* Stranger-ChatUITests.xctest */ = {isa = PBXFileReference; explicitFileType = wrapper.cfbundle; includeInIndex = 0; path = "Stranger-ChatUITests.xctest"; sourceTree = BUILT_PRODUCTS_DIR; };
		D361596522A544180021B346 /* Info.plist */ = {isa = PBXFileReference; lastKnownFileType = text.plist.xml; path = Info.plist; sourceTree = "<group>"; };
		D361596B22A544300021B346 /* LoginUITests.swift */ = {isa = PBXFileReference; lastKnownFileType = sourcecode.swift; path = LoginUITests.swift; sourceTree = "<group>"; };
		D3615AF322AF8EAE0021B346 /* AlertBuilder.swift */ = {isa = PBXFileReference; lastKnownFileType = sourcecode.swift; path = AlertBuilder.swift; sourceTree = "<group>"; };
		D3632AA3238C3B340072A762 /* OfflineModeLoginWorker.swift */ = {isa = PBXFileReference; lastKnownFileType = sourcecode.swift; path = OfflineModeLoginWorker.swift; sourceTree = "<group>"; };
		D3632AA6238C3EEF0072A762 /* LocalUserRepository.swift */ = {isa = PBXFileReference; lastKnownFileType = sourcecode.swift; path = LocalUserRepository.swift; sourceTree = "<group>"; };
		D3632AAA238C4B340072A762 /* LoginViewController.swift */ = {isa = PBXFileReference; lastKnownFileType = sourcecode.swift; path = LoginViewController.swift; sourceTree = "<group>"; };
		D3632AAB238C4B340072A762 /* LoginViewController.xib */ = {isa = PBXFileReference; lastKnownFileType = file.xib; path = LoginViewController.xib; sourceTree = "<group>"; };
		D3632AAE238C4B440072A762 /* LoginInteractor.swift */ = {isa = PBXFileReference; lastKnownFileType = sourcecode.swift; path = LoginInteractor.swift; sourceTree = "<group>"; };
		D3632AB0238C4B4D0072A762 /* LoginPresenter.swift */ = {isa = PBXFileReference; lastKnownFileType = sourcecode.swift; path = LoginPresenter.swift; sourceTree = "<group>"; };
		D3632AB2238C4B540072A762 /* LoginRouter.swift */ = {isa = PBXFileReference; lastKnownFileType = sourcecode.swift; path = LoginRouter.swift; sourceTree = "<group>"; };
		D3632AB4238C4B5D0072A762 /* LoginWorker.swift */ = {isa = PBXFileReference; lastKnownFileType = sourcecode.swift; path = LoginWorker.swift; sourceTree = "<group>"; };
		D3632AC2238C504B0072A762 /* LoginData.swift */ = {isa = PBXFileReference; lastKnownFileType = sourcecode.swift; path = LoginData.swift; sourceTree = "<group>"; };
		D3632AC4238C5FFB0072A762 /* RegisterPresenter.swift */ = {isa = PBXFileReference; lastKnownFileType = sourcecode.swift; path = RegisterPresenter.swift; sourceTree = "<group>"; };
		D3632AC5238C5FFB0072A762 /* RegisterWorker.swift */ = {isa = PBXFileReference; lastKnownFileType = sourcecode.swift; path = RegisterWorker.swift; sourceTree = "<group>"; };
		D3632AC6238C5FFB0072A762 /* RegisterRouter.swift */ = {isa = PBXFileReference; lastKnownFileType = sourcecode.swift; path = RegisterRouter.swift; sourceTree = "<group>"; };
		D3632AC7238C5FFB0072A762 /* RegisterViewController.swift */ = {isa = PBXFileReference; lastKnownFileType = sourcecode.swift; path = RegisterViewController.swift; sourceTree = "<group>"; };
		D3632AC8238C5FFB0072A762 /* RegisterInteractor.swift */ = {isa = PBXFileReference; lastKnownFileType = sourcecode.swift; path = RegisterInteractor.swift; sourceTree = "<group>"; };
		D3632ACE238C60130072A762 /* RegisterViewController.xib */ = {isa = PBXFileReference; lastKnownFileType = file.xib; path = RegisterViewController.xib; sourceTree = "<group>"; };
		D3632AD0238C61D40072A762 /* RegisterData.swift */ = {isa = PBXFileReference; lastKnownFileType = sourcecode.swift; path = RegisterData.swift; sourceTree = "<group>"; };
		D3632AD2238C74580072A762 /* Error+Code.swift */ = {isa = PBXFileReference; lastKnownFileType = sourcecode.swift; path = "Error+Code.swift"; sourceTree = "<group>"; };
		D3632AD5238D9CD40072A762 /* HomePresenter.swift */ = {isa = PBXFileReference; lastKnownFileType = sourcecode.swift; path = HomePresenter.swift; sourceTree = "<group>"; };
		D3632AD6238D9CD40072A762 /* HomeWorker.swift */ = {isa = PBXFileReference; lastKnownFileType = sourcecode.swift; path = HomeWorker.swift; sourceTree = "<group>"; };
		D3632AD7238D9CD40072A762 /* HomeRouter.swift */ = {isa = PBXFileReference; lastKnownFileType = sourcecode.swift; path = HomeRouter.swift; sourceTree = "<group>"; };
		D3632AD8238D9CD40072A762 /* HomeViewController.swift */ = {isa = PBXFileReference; lastKnownFileType = sourcecode.swift; path = HomeViewController.swift; sourceTree = "<group>"; };
		D3632AD9238D9CD40072A762 /* HomeInteractor.swift */ = {isa = PBXFileReference; lastKnownFileType = sourcecode.swift; path = HomeInteractor.swift; sourceTree = "<group>"; };
		D3632ADF238D9CE60072A762 /* HomeViewController.xib */ = {isa = PBXFileReference; lastKnownFileType = file.xib; path = HomeViewController.xib; sourceTree = "<group>"; };
		D3632AE2238DA0F00072A762 /* MainTabBarController.swift */ = {isa = PBXFileReference; lastKnownFileType = sourcecode.swift; path = MainTabBarController.swift; sourceTree = "<group>"; };
		D3632AE6238DA8D50072A762 /* StrangersBrowserPresenter.swift */ = {isa = PBXFileReference; lastKnownFileType = sourcecode.swift; path = StrangersBrowserPresenter.swift; sourceTree = "<group>"; };
		D3632AE7238DA8D50072A762 /* StrangersBrowserWorker.swift */ = {isa = PBXFileReference; lastKnownFileType = sourcecode.swift; path = StrangersBrowserWorker.swift; sourceTree = "<group>"; };
		D3632AE8238DA8D50072A762 /* StrangersBrowserRouter.swift */ = {isa = PBXFileReference; lastKnownFileType = sourcecode.swift; path = StrangersBrowserRouter.swift; sourceTree = "<group>"; };
		D3632AE9238DA8D50072A762 /* StrangersBrowserViewController.swift */ = {isa = PBXFileReference; lastKnownFileType = sourcecode.swift; path = StrangersBrowserViewController.swift; sourceTree = "<group>"; };
		D3632AEA238DA8D50072A762 /* StrangersBrowserInteractor.swift */ = {isa = PBXFileReference; lastKnownFileType = sourcecode.swift; path = StrangersBrowserInteractor.swift; sourceTree = "<group>"; };
		D3632AF0238DA8F80072A762 /* StrangersBrowserViewController.xib */ = {isa = PBXFileReference; lastKnownFileType = file.xib; path = StrangersBrowserViewController.xib; sourceTree = "<group>"; };
		D3632AF3238DB8680072A762 /* CurrentUserRepository.swift */ = {isa = PBXFileReference; lastKnownFileType = sourcecode.swift; path = CurrentUserRepository.swift; sourceTree = "<group>"; };
		D38004D1226F30DA00C01683 /* RoundButton.swift */ = {isa = PBXFileReference; lastKnownFileType = sourcecode.swift; path = RoundButton.swift; sourceTree = "<group>"; };
		D3B6B89D2265AE4500B7CC14 /* MCSessionAdapter.swift */ = {isa = PBXFileReference; lastKnownFileType = sourcecode.swift; path = MCSessionAdapter.swift; sourceTree = "<group>"; };
		D3B6B89F2265AE5200B7CC14 /* PeerClientSession.swift */ = {isa = PBXFileReference; lastKnownFileType = sourcecode.swift; path = PeerClientSession.swift; sourceTree = "<group>"; };
		D3B6B8A12265AE5F00B7CC14 /* PeerHostSession.swift */ = {isa = PBXFileReference; lastKnownFileType = sourcecode.swift; path = PeerHostSession.swift; sourceTree = "<group>"; };
		D3B6B8A32265AE6900B7CC14 /* PeerSession.swift */ = {isa = PBXFileReference; lastKnownFileType = sourcecode.swift; path = PeerSession.swift; sourceTree = "<group>"; };
		D3CAAB8621A2083700B9149C /* Stranger-Chat.app */ = {isa = PBXFileReference; explicitFileType = wrapper.application; includeInIndex = 0; path = "Stranger-Chat.app"; sourceTree = BUILT_PRODUCTS_DIR; };
		D3CAAB8921A2083700B9149C /* AppDelegate.swift */ = {isa = PBXFileReference; lastKnownFileType = sourcecode.swift; path = AppDelegate.swift; sourceTree = "<group>"; };
		D3CAAB9021A2083B00B9149C /* Assets.xcassets */ = {isa = PBXFileReference; lastKnownFileType = folder.assetcatalog; path = Assets.xcassets; sourceTree = "<group>"; };
		D3CAAB9321A2083B00B9149C /* Base */ = {isa = PBXFileReference; lastKnownFileType = file.storyboard; name = Base; path = Base.lproj/LaunchScreen.storyboard; sourceTree = "<group>"; };
		D3CAAB9521A2083B00B9149C /* Info.plist */ = {isa = PBXFileReference; lastKnownFileType = text.plist.xml; path = Info.plist; sourceTree = "<group>"; };
		D3CAAB9A21A2083B00B9149C /* Stranger-ChatTests.xctest */ = {isa = PBXFileReference; explicitFileType = wrapper.cfbundle; includeInIndex = 0; path = "Stranger-ChatTests.xctest"; sourceTree = BUILT_PRODUCTS_DIR; };
		D3CAABA021A2083B00B9149C /* Info.plist */ = {isa = PBXFileReference; lastKnownFileType = text.plist.xml; path = Info.plist; sourceTree = "<group>"; };
		D3CAABCF21A2DCA400B9149C /* GoogleService-Info.plist */ = {isa = PBXFileReference; fileEncoding = 4; lastKnownFileType = text.plist.xml; name = "GoogleService-Info.plist"; path = "Stranger-Chat/GoogleService/GoogleService-Info.plist"; sourceTree = SOURCE_ROOT; };
		D3CAABD621A34C8900B9149C /* Router.swift */ = {isa = PBXFileReference; lastKnownFileType = sourcecode.swift; path = Router.swift; sourceTree = "<group>"; };
		D3CAABD821A355D900B9149C /* LandingViewController.swift */ = {isa = PBXFileReference; lastKnownFileType = sourcecode.swift; path = LandingViewController.swift; sourceTree = "<group>"; };
		D3CAABDC21A3560100B9149C /* LandingRouter.swift */ = {isa = PBXFileReference; lastKnownFileType = sourcecode.swift; path = LandingRouter.swift; sourceTree = "<group>"; };
		D3CAABFE21A5DE0F00B9149C /* en */ = {isa = PBXFileReference; lastKnownFileType = text.plist.strings; name = en; path = en.lproj/Localizable.strings; sourceTree = "<group>"; };
		D3E6D55B2216CA7100AF73D7 /* OfflineModeLoginViewController.swift */ = {isa = PBXFileReference; lastKnownFileType = sourcecode.swift; path = OfflineModeLoginViewController.swift; sourceTree = "<group>"; };
		D3E6D55C2216CA7100AF73D7 /* OfflineModeLoginViewController.xib */ = {isa = PBXFileReference; lastKnownFileType = file.xib; path = OfflineModeLoginViewController.xib; sourceTree = "<group>"; };
		D3E6D55F2216CA9300AF73D7 /* LandingViewController.xib */ = {isa = PBXFileReference; lastKnownFileType = file.xib; path = LandingViewController.xib; sourceTree = "<group>"; };
		D3E6D5622216D60800AF73D7 /* UIControl+Localizable.swift */ = {isa = PBXFileReference; lastKnownFileType = sourcecode.swift; path = "UIControl+Localizable.swift"; sourceTree = "<group>"; };
		D3E6D5642216D6BC00AF73D7 /* pl */ = {isa = PBXFileReference; lastKnownFileType = text.plist.strings; name = pl; path = pl.lproj/LaunchScreen.strings; sourceTree = "<group>"; };
		D3E6D5652216D6BC00AF73D7 /* pl */ = {isa = PBXFileReference; lastKnownFileType = text.plist.strings; name = pl; path = pl.lproj/Localizable.strings; sourceTree = "<group>"; };
		D3E6D5662216D94100AF73D7 /* OfflineModeLoginInteractor.swift */ = {isa = PBXFileReference; lastKnownFileType = sourcecode.swift; path = OfflineModeLoginInteractor.swift; sourceTree = "<group>"; };
		D3E6D5682216D94A00AF73D7 /* OfflineModeLoginPresenter.swift */ = {isa = PBXFileReference; lastKnownFileType = sourcecode.swift; path = OfflineModeLoginPresenter.swift; sourceTree = "<group>"; };
		D3E6D56A2216D96C00AF73D7 /* OfflineModeLoginRouter.swift */ = {isa = PBXFileReference; lastKnownFileType = sourcecode.swift; path = OfflineModeLoginRouter.swift; sourceTree = "<group>"; };
		D3E6D58622281D5D00AF73D7 /* RegisterValidator.swift */ = {isa = PBXFileReference; lastKnownFileType = sourcecode.swift; path = RegisterValidator.swift; sourceTree = "<group>"; };
		D3E6D58922281F2400AF73D7 /* ValidationError.swift */ = {isa = PBXFileReference; lastKnownFileType = sourcecode.swift; path = ValidationError.swift; sourceTree = "<group>"; };
		D3E6D58E222820B400AF73D7 /* LandingInteractor.swift */ = {isa = PBXFileReference; lastKnownFileType = sourcecode.swift; name = LandingInteractor.swift; path = "/Users/jakubdanielczyk/Dev/Stranger-Chat/Stranger-ChatTests/Landing/LandingInteractor.swift"; sourceTree = "<absolute>"; };
		D3ECC596239A8FDC00548E9B /* Collection+SafeIndex.swift */ = {isa = PBXFileReference; lastKnownFileType = sourcecode.swift; path = "Collection+SafeIndex.swift"; sourceTree = "<group>"; };
		D3ECC598239B0B7900548E9B /* Optional+NilOrEmpty.swift */ = {isa = PBXFileReference; fileEncoding = 4; lastKnownFileType = sourcecode.swift; path = "Optional+NilOrEmpty.swift"; sourceTree = "<group>"; };
		D3ECC59A239B112F00548E9B /* LandingInteractor.swift */ = {isa = PBXFileReference; fileEncoding = 4; lastKnownFileType = sourcecode.swift; path = LandingInteractor.swift; sourceTree = "<group>"; };
/* End PBXFileReference section */

/* Begin PBXFrameworksBuildPhase section */
		D361595E22A544180021B346 /* Frameworks */ = {
			isa = PBXFrameworksBuildPhase;
			buildActionMask = 2147483647;
			files = (
			);
			runOnlyForDeploymentPostprocessing = 0;
		};
		D3CAAB8321A2083700B9149C /* Frameworks */ = {
			isa = PBXFrameworksBuildPhase;
			buildActionMask = 2147483647;
			files = (
				FDAB1AE32676E023C30312C5 /* Pods_Stranger_Chat.framework in Frameworks */,
			);
			runOnlyForDeploymentPostprocessing = 0;
		};
		D3CAAB9721A2083B00B9149C /* Frameworks */ = {
			isa = PBXFrameworksBuildPhase;
			buildActionMask = 2147483647;
			files = (
				960AB30F727C4DC070023546 /* Pods_Stranger_ChatTests.framework in Frameworks */,
			);
			runOnlyForDeploymentPostprocessing = 0;
		};
/* End PBXFrameworksBuildPhase section */

/* Begin PBXGroup section */
		6981C91022EA75AEB3A6CE53 /* Frameworks */ = {
			isa = PBXGroup;
			children = (
				2AEFBFAD0AC8547E53D115D1 /* Pods_Stranger_Chat.framework */,
				1BEEFFE643688F4A05751E6D /* Pods_Stranger_ChatTests.framework */,
				A594BC1B4CE144C08DF6A978 /* Pods_Stranger_ChatUITests.framework */,
			);
			name = Frameworks;
			sourceTree = "<group>";
		};
		7A4D3047CC991EBC6303170D /* Pods */ = {
			isa = PBXGroup;
			children = (
				17C9842F995B0CBE9DC40E71 /* Pods-Stranger-Chat.debug.xcconfig */,
				96B9FC2CD652D695ABFB7ADB /* Pods-Stranger-Chat.release.xcconfig */,
				6B1927CEBC69B3FCEDF5BC7C /* Pods-Stranger-ChatTests.debug.xcconfig */,
				9BCEF05A18C9AB33A5302B59 /* Pods-Stranger-ChatTests.release.xcconfig */,
			);
			name = Pods;
			sourceTree = "<group>";
		};
		D348D13123871C140012D43C /* Services */ = {
			isa = PBXGroup;
			children = (
				D3632AF2238DB82D0072A762 /* User */,
				D3632AA5238C3EDC0072A762 /* Repository */,
				D348D13523872C620012D43C /* Realm */,
				D348D13223871C1F0012D43C /* Firebase */,
				D3B6B89A2264B1B300B7CC14 /* MultipeerConnectivity */,
			);
			path = Services;
			sourceTree = "<group>";
		};
		D348D13223871C1F0012D43C /* Firebase */ = {
			isa = PBXGroup;
			children = (
				D348D133238721AF0012D43C /* FirebaseUsersRepository.swift */,
			);
			path = Firebase;
			sourceTree = "<group>";
		};
		D348D13523872C620012D43C /* Realm */ = {
			isa = PBXGroup;
			children = (
				D348D13623872C700012D43C /* RealmManager.swift */,
			);
			path = Realm;
			sourceTree = "<group>";
		};
		D348D13823872EEE0012D43C /* Models */ = {
			isa = PBXGroup;
			children = (
				D348D13923872EFF0012D43C /* AppUserModel.swift */,
			);
			path = Models;
			sourceTree = "<group>";
		};
		D348D13B23872F250012D43C /* Entities */ = {
			isa = PBXGroup;
			children = (
				D348D13C23872F330012D43C /* AppUser.swift */,
			);
			path = Entities;
			sourceTree = "<group>";
		};
		D361596222A544180021B346 /* Stranger-ChatUITests */ = {
			isa = PBXGroup;
			children = (
				D361596B22A544300021B346 /* LoginUITests.swift */,
				D361596522A544180021B346 /* Info.plist */,
			);
			path = "Stranger-ChatUITests";
			sourceTree = "<group>";
		};
		D3632AA5238C3EDC0072A762 /* Repository */ = {
			isa = PBXGroup;
			children = (
				D3632AA6238C3EEF0072A762 /* LocalUserRepository.swift */,
			);
			path = Repository;
			sourceTree = "<group>";
		};
		D3632AA8238C4B080072A762 /* Login */ = {
			isa = PBXGroup;
			children = (
				D3632AAA238C4B340072A762 /* LoginViewController.swift */,
				D3632AAB238C4B340072A762 /* LoginViewController.xib */,
				D3632AAE238C4B440072A762 /* LoginInteractor.swift */,
				D3632AB0238C4B4D0072A762 /* LoginPresenter.swift */,
				D3632AB2238C4B540072A762 /* LoginRouter.swift */,
				D3632AB4238C4B5D0072A762 /* LoginWorker.swift */,
				D3632AC2238C504B0072A762 /* LoginData.swift */,
			);
			path = Login;
			sourceTree = "<group>";
		};
		D3632AA9238C4B0D0072A762 /* Register */ = {
			isa = PBXGroup;
			children = (
				D3632AC7238C5FFB0072A762 /* RegisterViewController.swift */,
				D3632ACE238C60130072A762 /* RegisterViewController.xib */,
				D3632AC8238C5FFB0072A762 /* RegisterInteractor.swift */,
				D3632AC4238C5FFB0072A762 /* RegisterPresenter.swift */,
				D3632AC6238C5FFB0072A762 /* RegisterRouter.swift */,
				D3632AC5238C5FFB0072A762 /* RegisterWorker.swift */,
				D3632AD0238C61D40072A762 /* RegisterData.swift */,
			);
			path = Register;
			sourceTree = "<group>";
		};
		D3632AD4238D9CBB0072A762 /* Home */ = {
			isa = PBXGroup;
			children = (
				D3632AD8238D9CD40072A762 /* HomeViewController.swift */,
				D3632ADF238D9CE60072A762 /* HomeViewController.xib */,
				D3632AD9238D9CD40072A762 /* HomeInteractor.swift */,
				D3632AD5238D9CD40072A762 /* HomePresenter.swift */,
				D3632AD7238D9CD40072A762 /* HomeRouter.swift */,
				D3632AD6238D9CD40072A762 /* HomeWorker.swift */,
			);
			path = Home;
			sourceTree = "<group>";
		};
		D3632AE1238DA09A0072A762 /* TabBarController */ = {
			isa = PBXGroup;
			children = (
				D3632AE2238DA0F00072A762 /* MainTabBarController.swift */,
			);
			path = TabBarController;
			sourceTree = "<group>";
		};
		D3632AE4238DA8B20072A762 /* StrangersBrowser */ = {
			isa = PBXGroup;
			children = (
				D3632AE9238DA8D50072A762 /* StrangersBrowserViewController.swift */,
				D3632AF0238DA8F80072A762 /* StrangersBrowserViewController.xib */,
				D3632AEA238DA8D50072A762 /* StrangersBrowserInteractor.swift */,
				D3632AE6238DA8D50072A762 /* StrangersBrowserPresenter.swift */,
				D3632AE8238DA8D50072A762 /* StrangersBrowserRouter.swift */,
				D3632AE7238DA8D50072A762 /* StrangersBrowserWorker.swift */,
			);
			path = StrangersBrowser;
			sourceTree = "<group>";
		};
		D3632AF2238DB82D0072A762 /* User */ = {
			isa = PBXGroup;
			children = (
				D3632AF3238DB8680072A762 /* CurrentUserRepository.swift */,
			);
			path = User;
			sourceTree = "<group>";
		};
		D38004D0226F30BD00C01683 /* CustomViews */ = {
			isa = PBXGroup;
			children = (
				D38004D1226F30DA00C01683 /* RoundButton.swift */,
			);
			path = CustomViews;
			sourceTree = "<group>";
		};
		D39529C1238715E10039F671 /* Injection */ = {
			isa = PBXGroup;
			children = (
				D348D129238716640012D43C /* Provider.swift */,
				D348D12B2387168D0012D43C /* ScreenAssembly.swift */,
				D348D12D238716C10012D43C /* RepositoryAssembly.swift */,
				D348D12F238719950012D43C /* ServicesAssembly.swift */,
			);
			path = Injection;
			sourceTree = "<group>";
		};
		D3B6B89A2264B1B300B7CC14 /* MultipeerConnectivity */ = {
			isa = PBXGroup;
			children = (
				D3B6B89D2265AE4500B7CC14 /* MCSessionAdapter.swift */,
				D3B6B89F2265AE5200B7CC14 /* PeerClientSession.swift */,
				D3B6B8A12265AE5F00B7CC14 /* PeerHostSession.swift */,
				D3B6B8A32265AE6900B7CC14 /* PeerSession.swift */,
			);
			path = MultipeerConnectivity;
			sourceTree = "<group>";
		};
		D3CAAB7D21A2083700B9149C = {
			isa = PBXGroup;
			children = (
				D3CAAB8821A2083700B9149C /* Stranger-Chat */,
				D3CAAB9D21A2083B00B9149C /* Stranger-ChatTests */,
				D361596222A544180021B346 /* Stranger-ChatUITests */,
				D3CAAB8721A2083700B9149C /* Products */,
				7A4D3047CC991EBC6303170D /* Pods */,
				6981C91022EA75AEB3A6CE53 /* Frameworks */,
				D361595C22A543B40021B346 /* Stranger-ChatTests copy-Info.plist */,
			);
			sourceTree = "<group>";
		};
		D3CAAB8721A2083700B9149C /* Products */ = {
			isa = PBXGroup;
			children = (
				D3CAAB8621A2083700B9149C /* Stranger-Chat.app */,
				D3CAAB9A21A2083B00B9149C /* Stranger-ChatTests.xctest */,
				D361596122A544180021B346 /* Stranger-ChatUITests.xctest */,
			);
			name = Products;
			sourceTree = "<group>";
		};
		D3CAAB8821A2083700B9149C /* Stranger-Chat */ = {
			isa = PBXGroup;
			children = (
				D39529C1238715E10039F671 /* Injection */,
				D348D13123871C140012D43C /* Services */,
				D348D13823872EEE0012D43C /* Models */,
				D348D13B23872F250012D43C /* Entities */,
				D3CAABD421A34C6100B9149C /* Base */,
				D3CAABD321A34C2D00B9149C /* Scenes */,
				D38004D0226F30BD00C01683 /* CustomViews */,
				D3E6D58522281D3D00AF73D7 /* Validators */,
				D3E6D5612216D5E000AF73D7 /* Helpers */,
				D3E6D58B2228202E00AF73D7 /* Extensions */,
				D3CAAB8921A2083700B9149C /* AppDelegate.swift */,
				D3CAAB9021A2083B00B9149C /* Assets.xcassets */,
				D3CAAB9221A2083B00B9149C /* LaunchScreen.storyboard */,
				D3CAAB9521A2083B00B9149C /* Info.plist */,
				D3CAABFF21A5DE0F00B9149C /* Localizable.strings */,
				D3CAABD121A2DE0300B9149C /* GoogleService */,
			);
			path = "Stranger-Chat";
			sourceTree = "<group>";
		};
		D3CAAB9D21A2083B00B9149C /* Stranger-ChatTests */ = {
			isa = PBXGroup;
			children = (
				D3CAABF721A5D4FA00B9149C /* Landing */,
				D3CAABA021A2083B00B9149C /* Info.plist */,
			);
			path = "Stranger-ChatTests";
			sourceTree = "<group>";
		};
		D3CAABD121A2DE0300B9149C /* GoogleService */ = {
			isa = PBXGroup;
			children = (
				D3CAABCF21A2DCA400B9149C /* GoogleService-Info.plist */,
			);
			path = GoogleService;
			sourceTree = "<group>";
		};
		D3CAABD321A34C2D00B9149C /* Scenes */ = {
			isa = PBXGroup;
			children = (
				D3CAABD521A34C6500B9149C /* Landing */,
				D3632AA8238C4B080072A762 /* Login */,
				D3632AA9238C4B0D0072A762 /* Register */,
				D3E6D5522216C97D00AF73D7 /* OfflineModeLogin */,
				D3632AE1238DA09A0072A762 /* TabBarController */,
				D3632AD4238D9CBB0072A762 /* Home */,
				D3632AE4238DA8B20072A762 /* StrangersBrowser */,
			);
			path = Scenes;
			sourceTree = "<group>";
		};
		D3CAABD421A34C6100B9149C /* Base */ = {
			isa = PBXGroup;
			children = (
				D3CAABD621A34C8900B9149C /* Router.swift */,
			);
			path = Base;
			sourceTree = "<group>";
		};
		D3CAABD521A34C6500B9149C /* Landing */ = {
			isa = PBXGroup;
			children = (
				D3ECC59A239B112F00548E9B /* LandingInteractor.swift */,
				D3CAABD821A355D900B9149C /* LandingViewController.swift */,
				D3E6D55F2216CA9300AF73D7 /* LandingViewController.xib */,
				D3CAABDC21A3560100B9149C /* LandingRouter.swift */,
			);
			path = Landing;
			sourceTree = "<group>";
		};
		D3CAABF721A5D4FA00B9149C /* Landing */ = {
			isa = PBXGroup;
			children = (
				D3E6D58E222820B400AF73D7 /* LandingInteractor.swift */,
			);
			path = Landing;
			sourceTree = "<group>";
		};
		D3E6D5522216C97D00AF73D7 /* OfflineModeLogin */ = {
			isa = PBXGroup;
			children = (
				D3E6D55B2216CA7100AF73D7 /* OfflineModeLoginViewController.swift */,
				D3E6D55C2216CA7100AF73D7 /* OfflineModeLoginViewController.xib */,
				D3E6D5662216D94100AF73D7 /* OfflineModeLoginInteractor.swift */,
				D3E6D5682216D94A00AF73D7 /* OfflineModeLoginPresenter.swift */,
				D3E6D56A2216D96C00AF73D7 /* OfflineModeLoginRouter.swift */,
				D3632AA3238C3B340072A762 /* OfflineModeLoginWorker.swift */,
			);
			path = OfflineModeLogin;
			sourceTree = "<group>";
		};
		D3E6D5612216D5E000AF73D7 /* Helpers */ = {
			isa = PBXGroup;
			children = (
				D3615AF322AF8EAE0021B346 /* AlertBuilder.swift */,
			);
			path = Helpers;
			sourceTree = "<group>";
		};
		D3E6D58522281D3D00AF73D7 /* Validators */ = {
			isa = PBXGroup;
			children = (
				D3E6D58822281F1600AF73D7 /* ValidationError */,
				D3E6D58622281D5D00AF73D7 /* RegisterValidator.swift */,
			);
			path = Validators;
			sourceTree = "<group>";
		};
		D3E6D58822281F1600AF73D7 /* ValidationError */ = {
			isa = PBXGroup;
			children = (
				D3E6D58922281F2400AF73D7 /* ValidationError.swift */,
			);
			path = ValidationError;
			sourceTree = "<group>";
		};
		D3E6D58B2228202E00AF73D7 /* Extensions */ = {
			isa = PBXGroup;
			children = (
				D3ECC598239B0B7900548E9B /* Optional+NilOrEmpty.swift */,
				D3E6D5622216D60800AF73D7 /* UIControl+Localizable.swift */,
				D3331DA92285D21100301CBA /* String+isValidName.swift */,
				D3632AD2238C74580072A762 /* Error+Code.swift */,
				D3ECC596239A8FDC00548E9B /* Collection+SafeIndex.swift */,
			);
			path = Extensions;
			sourceTree = "<group>";
		};
/* End PBXGroup section */

/* Begin PBXNativeTarget section */
		D361596022A544180021B346 /* Stranger-ChatUITests */ = {
			isa = PBXNativeTarget;
			buildConfigurationList = D361596822A544180021B346 /* Build configuration list for PBXNativeTarget "Stranger-ChatUITests" */;
			buildPhases = (
				D361595D22A544180021B346 /* Sources */,
				D361595E22A544180021B346 /* Frameworks */,
				D361595F22A544180021B346 /* Resources */,
			);
			buildRules = (
			);
			dependencies = (
				D361596722A544180021B346 /* PBXTargetDependency */,
			);
			name = "Stranger-ChatUITests";
			productName = "Stranger-ChatUITests";
			productReference = D361596122A544180021B346 /* Stranger-ChatUITests.xctest */;
			productType = "com.apple.product-type.bundle.ui-testing";
		};
		D3CAAB8521A2083700B9149C /* Stranger-Chat */ = {
			isa = PBXNativeTarget;
			buildConfigurationList = D3CAABAE21A2083C00B9149C /* Build configuration list for PBXNativeTarget "Stranger-Chat" */;
			buildPhases = (
				06A4CB2DD2C7D2F817C17E8E /* [CP] Check Pods Manifest.lock */,
				D3CAAB8221A2083700B9149C /* Sources */,
				D3CAAB8321A2083700B9149C /* Frameworks */,
				D3CAAB8421A2083700B9149C /* Resources */,
				A6E0FEF3E084FE99F51405D1 /* [CP] Embed Pods Frameworks */,
				D3CAABD221A2FBC300B9149C /* ShellScript */,
			);
			buildRules = (
			);
			dependencies = (
			);
			name = "Stranger-Chat";
			productName = "Stranger-Chat";
			productReference = D3CAAB8621A2083700B9149C /* Stranger-Chat.app */;
			productType = "com.apple.product-type.application";
		};
		D3CAAB9921A2083B00B9149C /* Stranger-ChatTests */ = {
			isa = PBXNativeTarget;
			buildConfigurationList = D3CAABB121A2083C00B9149C /* Build configuration list for PBXNativeTarget "Stranger-ChatTests" */;
			buildPhases = (
				732391A6CA7E4F8A399D2EDB /* [CP] Check Pods Manifest.lock */,
				D3CAAB9621A2083B00B9149C /* Sources */,
				D3CAAB9721A2083B00B9149C /* Frameworks */,
				D3CAAB9821A2083B00B9149C /* Resources */,
				EED54FAD0D1960A93418E3C3 /* [CP] Embed Pods Frameworks */,
			);
			buildRules = (
			);
			dependencies = (
				D3CAAB9C21A2083B00B9149C /* PBXTargetDependency */,
			);
			name = "Stranger-ChatTests";
			productName = "Stranger-ChatTests";
			productReference = D3CAAB9A21A2083B00B9149C /* Stranger-ChatTests.xctest */;
			productType = "com.apple.product-type.bundle.unit-test";
		};
/* End PBXNativeTarget section */

/* Begin PBXProject section */
		D3CAAB7E21A2083700B9149C /* Project object */ = {
			isa = PBXProject;
			attributes = {
				LastSwiftUpdateCheck = 1020;
				LastUpgradeCheck = 1010;
				ORGANIZATIONNAME = "Jakub Danielczyk";
				TargetAttributes = {
					D361596022A544180021B346 = {
						CreatedOnToolsVersion = 10.2.1;
						TestTargetID = D3CAAB8521A2083700B9149C;
					};
					D3CAAB8521A2083700B9149C = {
						CreatedOnToolsVersion = 10.1;
						LastSwiftMigration = 1020;
					};
					D3CAAB9921A2083B00B9149C = {
						CreatedOnToolsVersion = 10.1;
						LastSwiftMigration = 1020;
						TestTargetID = D3CAAB8521A2083700B9149C;
					};
				};
			};
			buildConfigurationList = D3CAAB8121A2083700B9149C /* Build configuration list for PBXProject "Stranger-Chat" */;
			compatibilityVersion = "Xcode 9.3";
			developmentRegion = en;
			hasScannedForEncodings = 0;
			knownRegions = (
				en,
				Base,
				pl,
			);
			mainGroup = D3CAAB7D21A2083700B9149C;
			productRefGroup = D3CAAB8721A2083700B9149C /* Products */;
			projectDirPath = "";
			projectRoot = "";
			targets = (
				D3CAAB8521A2083700B9149C /* Stranger-Chat */,
				D3CAAB9921A2083B00B9149C /* Stranger-ChatTests */,
				D361596022A544180021B346 /* Stranger-ChatUITests */,
			);
		};
/* End PBXProject section */

/* Begin PBXResourcesBuildPhase section */
		D361595F22A544180021B346 /* Resources */ = {
			isa = PBXResourcesBuildPhase;
			buildActionMask = 2147483647;
			files = (
			);
			runOnlyForDeploymentPostprocessing = 0;
		};
		D3CAAB8421A2083700B9149C /* Resources */ = {
			isa = PBXResourcesBuildPhase;
			buildActionMask = 2147483647;
			files = (
				D3E6D5602216CA9300AF73D7 /* LandingViewController.xib in Resources */,
				D3CAAB9421A2083B00B9149C /* LaunchScreen.storyboard in Resources */,
				D3E6D55E2216CA7100AF73D7 /* OfflineModeLoginViewController.xib in Resources */,
				D3CAABFD21A5DE0F00B9149C /* Localizable.strings in Resources */,
				D3CAABD021A2DCA400B9149C /* GoogleService-Info.plist in Resources */,
				D3632AAD238C4B340072A762 /* LoginViewController.xib in Resources */,
				D3CAAB9121A2083B00B9149C /* Assets.xcassets in Resources */,
				D3632ACF238C60130072A762 /* RegisterViewController.xib in Resources */,
				D3632AE0238D9CE60072A762 /* HomeViewController.xib in Resources */,
				D3632AF1238DA8F80072A762 /* StrangersBrowserViewController.xib in Resources */,
			);
			runOnlyForDeploymentPostprocessing = 0;
		};
		D3CAAB9821A2083B00B9149C /* Resources */ = {
			isa = PBXResourcesBuildPhase;
			buildActionMask = 2147483647;
			files = (
			);
			runOnlyForDeploymentPostprocessing = 0;
		};
/* End PBXResourcesBuildPhase section */

/* Begin PBXShellScriptBuildPhase section */
		06A4CB2DD2C7D2F817C17E8E /* [CP] Check Pods Manifest.lock */ = {
			isa = PBXShellScriptBuildPhase;
			buildActionMask = 2147483647;
			files = (
			);
			inputFileListPaths = (
			);
			inputPaths = (
				"${PODS_PODFILE_DIR_PATH}/Podfile.lock",
				"${PODS_ROOT}/Manifest.lock",
			);
			name = "[CP] Check Pods Manifest.lock";
			outputFileListPaths = (
			);
			outputPaths = (
				"$(DERIVED_FILE_DIR)/Pods-Stranger-Chat-checkManifestLockResult.txt",
			);
			runOnlyForDeploymentPostprocessing = 0;
			shellPath = /bin/sh;
			shellScript = "diff \"${PODS_PODFILE_DIR_PATH}/Podfile.lock\" \"${PODS_ROOT}/Manifest.lock\" > /dev/null\nif [ $? != 0 ] ; then\n    # print error to STDERR\n    echo \"error: The sandbox is not in sync with the Podfile.lock. Run 'pod install' or update your CocoaPods installation.\" >&2\n    exit 1\nfi\n# This output is used by Xcode 'outputs' to avoid re-running this script phase.\necho \"SUCCESS\" > \"${SCRIPT_OUTPUT_FILE_0}\"\n";
			showEnvVarsInLog = 0;
		};
		732391A6CA7E4F8A399D2EDB /* [CP] Check Pods Manifest.lock */ = {
			isa = PBXShellScriptBuildPhase;
			buildActionMask = 2147483647;
			files = (
			);
			inputFileListPaths = (
			);
			inputPaths = (
				"${PODS_PODFILE_DIR_PATH}/Podfile.lock",
				"${PODS_ROOT}/Manifest.lock",
			);
			name = "[CP] Check Pods Manifest.lock";
			outputFileListPaths = (
			);
			outputPaths = (
				"$(DERIVED_FILE_DIR)/Pods-Stranger-ChatTests-checkManifestLockResult.txt",
			);
			runOnlyForDeploymentPostprocessing = 0;
			shellPath = /bin/sh;
			shellScript = "diff \"${PODS_PODFILE_DIR_PATH}/Podfile.lock\" \"${PODS_ROOT}/Manifest.lock\" > /dev/null\nif [ $? != 0 ] ; then\n    # print error to STDERR\n    echo \"error: The sandbox is not in sync with the Podfile.lock. Run 'pod install' or update your CocoaPods installation.\" >&2\n    exit 1\nfi\n# This output is used by Xcode 'outputs' to avoid re-running this script phase.\necho \"SUCCESS\" > \"${SCRIPT_OUTPUT_FILE_0}\"\n";
			showEnvVarsInLog = 0;
		};
		A6E0FEF3E084FE99F51405D1 /* [CP] Embed Pods Frameworks */ = {
			isa = PBXShellScriptBuildPhase;
			buildActionMask = 2147483647;
			files = (
			);
			inputFileListPaths = (
			);
			inputPaths = (
				"${SRCROOT}/Pods/Target Support Files/Pods-Stranger-Chat/Pods-Stranger-Chat-frameworks.sh",
				"${BUILT_PRODUCTS_DIR}/GTMSessionFetcher/GTMSessionFetcher.framework",
				"${BUILT_PRODUCTS_DIR}/GoogleUtilities/GoogleUtilities.framework",
				"${BUILT_PRODUCTS_DIR}/Localize-Swift/Localize_Swift.framework",
				"${BUILT_PRODUCTS_DIR}/Realm/Realm.framework",
				"${BUILT_PRODUCTS_DIR}/RealmSwift/RealmSwift.framework",
				"${BUILT_PRODUCTS_DIR}/RxCocoa/RxCocoa.framework",
				"${BUILT_PRODUCTS_DIR}/RxRelay/RxRelay.framework",
				"${BUILT_PRODUCTS_DIR}/RxSwift/RxSwift.framework",
				"${BUILT_PRODUCTS_DIR}/RxSwiftExt/RxSwiftExt.framework",
				"${BUILT_PRODUCTS_DIR}/Swinject/Swinject.framework",
				"${BUILT_PRODUCTS_DIR}/SwinjectAutoregistration/SwinjectAutoregistration.framework",
				"${BUILT_PRODUCTS_DIR}/nanopb/nanopb.framework",
			);
			name = "[CP] Embed Pods Frameworks";
			outputFileListPaths = (
			);
			outputPaths = (
				"${TARGET_BUILD_DIR}/${FRAMEWORKS_FOLDER_PATH}/GTMSessionFetcher.framework",
				"${TARGET_BUILD_DIR}/${FRAMEWORKS_FOLDER_PATH}/GoogleUtilities.framework",
				"${TARGET_BUILD_DIR}/${FRAMEWORKS_FOLDER_PATH}/Localize_Swift.framework",
				"${TARGET_BUILD_DIR}/${FRAMEWORKS_FOLDER_PATH}/Realm.framework",
				"${TARGET_BUILD_DIR}/${FRAMEWORKS_FOLDER_PATH}/RealmSwift.framework",
				"${TARGET_BUILD_DIR}/${FRAMEWORKS_FOLDER_PATH}/RxCocoa.framework",
				"${TARGET_BUILD_DIR}/${FRAMEWORKS_FOLDER_PATH}/RxRelay.framework",
				"${TARGET_BUILD_DIR}/${FRAMEWORKS_FOLDER_PATH}/RxSwift.framework",
				"${TARGET_BUILD_DIR}/${FRAMEWORKS_FOLDER_PATH}/RxSwiftExt.framework",
				"${TARGET_BUILD_DIR}/${FRAMEWORKS_FOLDER_PATH}/Swinject.framework",
				"${TARGET_BUILD_DIR}/${FRAMEWORKS_FOLDER_PATH}/SwinjectAutoregistration.framework",
				"${TARGET_BUILD_DIR}/${FRAMEWORKS_FOLDER_PATH}/nanopb.framework",
			);
			runOnlyForDeploymentPostprocessing = 0;
			shellPath = /bin/sh;
			shellScript = "\"${SRCROOT}/Pods/Target Support Files/Pods-Stranger-Chat/Pods-Stranger-Chat-frameworks.sh\"\n";
			showEnvVarsInLog = 0;
		};
		D3CAABD221A2FBC300B9149C /* ShellScript */ = {
			isa = PBXShellScriptBuildPhase;
			buildActionMask = 2147483647;
			files = (
			);
			inputFileListPaths = (
			);
			inputPaths = (
			);
			outputFileListPaths = (
			);
			outputPaths = (
			);
			runOnlyForDeploymentPostprocessing = 0;
			shellPath = /bin/sh;
			shellScript = "\"${PODS_ROOT}/SwiftLint/swiftlint\"\n";
		};
		EED54FAD0D1960A93418E3C3 /* [CP] Embed Pods Frameworks */ = {
			isa = PBXShellScriptBuildPhase;
			buildActionMask = 2147483647;
			files = (
			);
			inputFileListPaths = (
			);
			inputPaths = (
				"${SRCROOT}/Pods/Target Support Files/Pods-Stranger-ChatTests/Pods-Stranger-ChatTests-frameworks.sh",
				"${BUILT_PRODUCTS_DIR}/Nimble/Nimble.framework",
				"${BUILT_PRODUCTS_DIR}/Quick/Quick.framework",
			);
			name = "[CP] Embed Pods Frameworks";
			outputFileListPaths = (
			);
			outputPaths = (
				"${TARGET_BUILD_DIR}/${FRAMEWORKS_FOLDER_PATH}/Nimble.framework",
				"${TARGET_BUILD_DIR}/${FRAMEWORKS_FOLDER_PATH}/Quick.framework",
			);
			runOnlyForDeploymentPostprocessing = 0;
			shellPath = /bin/sh;
			shellScript = "\"${SRCROOT}/Pods/Target Support Files/Pods-Stranger-ChatTests/Pods-Stranger-ChatTests-frameworks.sh\"\n";
			showEnvVarsInLog = 0;
		};
/* End PBXShellScriptBuildPhase section */

/* Begin PBXSourcesBuildPhase section */
		D361595D22A544180021B346 /* Sources */ = {
			isa = PBXSourcesBuildPhase;
			buildActionMask = 2147483647;
			files = (
				D361596E22A544400021B346 /* LoginUITests.swift in Sources */,
			);
			runOnlyForDeploymentPostprocessing = 0;
		};
		D3CAAB8221A2083700B9149C /* Sources */ = {
			isa = PBXSourcesBuildPhase;
			buildActionMask = 2147483647;
			files = (
				D3632AEF238DA8D60072A762 /* StrangersBrowserInteractor.swift in Sources */,
				D38004D2226F30DA00C01683 /* RoundButton.swift in Sources */,
				D3632AA4238C3B340072A762 /* OfflineModeLoginWorker.swift in Sources */,
				D3ECC597239A8FDC00548E9B /* Collection+SafeIndex.swift in Sources */,
				D3632ACA238C5FFB0072A762 /* RegisterWorker.swift in Sources */,
				D3632AF4238DB8680072A762 /* CurrentUserRepository.swift in Sources */,
				D3632ADE238D9CD50072A762 /* HomeInteractor.swift in Sources */,
				D3E6D58A22281F2400AF73D7 /* ValidationError.swift in Sources */,
				D3B6B8A22265AE5F00B7CC14 /* PeerHostSession.swift in Sources */,
				D3632AAF238C4B440072A762 /* LoginInteractor.swift in Sources */,
				D3E6D5672216D94100AF73D7 /* OfflineModeLoginInteractor.swift in Sources */,
				D3632AB3238C4B540072A762 /* LoginRouter.swift in Sources */,
				D3632AC9238C5FFB0072A762 /* RegisterPresenter.swift in Sources */,
				D3632AE3238DA0F00072A762 /* MainTabBarController.swift in Sources */,
				D348D12C2387168D0012D43C /* ScreenAssembly.swift in Sources */,
				D348D13723872C700012D43C /* RealmManager.swift in Sources */,
				D3ECC599239B0B7900548E9B /* Optional+NilOrEmpty.swift in Sources */,
				D3632ADC238D9CD50072A762 /* HomeRouter.swift in Sources */,
				D3632ACC238C5FFB0072A762 /* RegisterViewController.swift in Sources */,
				D3632ACB238C5FFB0072A762 /* RegisterRouter.swift in Sources */,
				D3B6B8A02265AE5200B7CC14 /* PeerClientSession.swift in Sources */,
				D3632ACD238C5FFB0072A762 /* RegisterInteractor.swift in Sources */,
				D3632AA7238C3EEF0072A762 /* LocalUserRepository.swift in Sources */,
				D3632AC3238C504B0072A762 /* LoginData.swift in Sources */,
				D3E6D58722281D5D00AF73D7 /* RegisterValidator.swift in Sources */,
				D3632ADD238D9CD50072A762 /* HomeViewController.swift in Sources */,
				D3ECC59B239B112F00548E9B /* LandingInteractor.swift in Sources */,
				D348D13D23872F330012D43C /* AppUser.swift in Sources */,
				D3632AEB238DA8D60072A762 /* StrangersBrowserPresenter.swift in Sources */,
				D348D13A23872EFF0012D43C /* AppUserModel.swift in Sources */,
				D348D130238719950012D43C /* ServicesAssembly.swift in Sources */,
				D3632AAC238C4B340072A762 /* LoginViewController.swift in Sources */,
				D3632AB1238C4B4D0072A762 /* LoginPresenter.swift in Sources */,
				D348D134238721AF0012D43C /* FirebaseUsersRepository.swift in Sources */,
				D3E6D5632216D60800AF73D7 /* UIControl+Localizable.swift in Sources */,
				D3E6D56B2216D96C00AF73D7 /* OfflineModeLoginRouter.swift in Sources */,
				D3632ADB238D9CD50072A762 /* HomeWorker.swift in Sources */,
				D3E6D55D2216CA7100AF73D7 /* OfflineModeLoginViewController.swift in Sources */,
				D3B6B89E2265AE4500B7CC14 /* MCSessionAdapter.swift in Sources */,
				D3E6D5692216D94A00AF73D7 /* OfflineModeLoginPresenter.swift in Sources */,
				D3632AEE238DA8D60072A762 /* StrangersBrowserViewController.swift in Sources */,
				D348D12E238716C10012D43C /* RepositoryAssembly.swift in Sources */,
				D3331DAA2285D21100301CBA /* String+isValidName.swift in Sources */,
				D3B6B8A42265AE6900B7CC14 /* PeerSession.swift in Sources */,
				D3632AEC238DA8D60072A762 /* StrangersBrowserWorker.swift in Sources */,
				D3632AED238DA8D60072A762 /* StrangersBrowserRouter.swift in Sources */,
				D3632AD3238C74580072A762 /* Error+Code.swift in Sources */,
				D3CAABD721A34C8900B9149C /* Router.swift in Sources */,
				D3615AF422AF8EAE0021B346 /* AlertBuilder.swift in Sources */,
				D3632AB5238C4B5D0072A762 /* LoginWorker.swift in Sources */,
				D3CAABDD21A3560100B9149C /* LandingRouter.swift in Sources */,
				D3632AD1238C61D40072A762 /* RegisterData.swift in Sources */,
				D3CAABD921A355D900B9149C /* LandingViewController.swift in Sources */,
				D3CAAB8A21A2083700B9149C /* AppDelegate.swift in Sources */,
				D348D12A238716640012D43C /* Provider.swift in Sources */,
				D3632ADA238D9CD50072A762 /* HomePresenter.swift in Sources */,
			);
			runOnlyForDeploymentPostprocessing = 0;
		};
		D3CAAB9621A2083B00B9149C /* Sources */ = {
			isa = PBXSourcesBuildPhase;
			buildActionMask = 2147483647;
			files = (
				D3E6D58F222820B500AF73D7 /* LandingInteractor.swift in Sources */,
			);
			runOnlyForDeploymentPostprocessing = 0;
		};
/* End PBXSourcesBuildPhase section */

/* Begin PBXTargetDependency section */
		D361596722A544180021B346 /* PBXTargetDependency */ = {
			isa = PBXTargetDependency;
			target = D3CAAB8521A2083700B9149C /* Stranger-Chat */;
			targetProxy = D361596622A544180021B346 /* PBXContainerItemProxy */;
		};
		D3CAAB9C21A2083B00B9149C /* PBXTargetDependency */ = {
			isa = PBXTargetDependency;
			target = D3CAAB8521A2083700B9149C /* Stranger-Chat */;
			targetProxy = D3CAAB9B21A2083B00B9149C /* PBXContainerItemProxy */;
		};
/* End PBXTargetDependency section */

/* Begin PBXVariantGroup section */
		D3CAAB9221A2083B00B9149C /* LaunchScreen.storyboard */ = {
			isa = PBXVariantGroup;
			children = (
				D3CAAB9321A2083B00B9149C /* Base */,
				D3E6D5642216D6BC00AF73D7 /* pl */,
			);
			name = LaunchScreen.storyboard;
			sourceTree = "<group>";
		};
		D3CAABFF21A5DE0F00B9149C /* Localizable.strings */ = {
			isa = PBXVariantGroup;
			children = (
				D3CAABFE21A5DE0F00B9149C /* en */,
				D3E6D5652216D6BC00AF73D7 /* pl */,
			);
			name = Localizable.strings;
			sourceTree = "<group>";
		};
/* End PBXVariantGroup section */

/* Begin XCBuildConfiguration section */
		D361596922A544180021B346 /* Debug */ = {
			isa = XCBuildConfiguration;
			buildSettings = {
				CODE_SIGN_STYLE = Automatic;
				INFOPLIST_FILE = "Stranger-ChatUITests/Info.plist";
				IPHONEOS_DEPLOYMENT_TARGET = 12.2;
				LD_RUNPATH_SEARCH_PATHS = (
					"$(inherited)",
					"@executable_path/Frameworks",
					"@loader_path/Frameworks",
				);
				PRODUCT_BUNDLE_IDENTIFIER = "com.ireckonu.publichotel.mobilekeys.Stranger-ChatUITests";
				PRODUCT_NAME = "$(TARGET_NAME)";
				SWIFT_VERSION = 5.0;
				TARGETED_DEVICE_FAMILY = "1,2";
				TEST_TARGET_NAME = "Stranger-Chat";
			};
			name = Debug;
		};
		D361596A22A544180021B346 /* Release */ = {
			isa = XCBuildConfiguration;
			buildSettings = {
				CODE_SIGN_STYLE = Automatic;
				INFOPLIST_FILE = "Stranger-ChatUITests/Info.plist";
				IPHONEOS_DEPLOYMENT_TARGET = 12.2;
				LD_RUNPATH_SEARCH_PATHS = (
					"$(inherited)",
					"@executable_path/Frameworks",
					"@loader_path/Frameworks",
				);
				PRODUCT_BUNDLE_IDENTIFIER = "com.ireckonu.publichotel.mobilekeys.Stranger-ChatUITests";
				PRODUCT_NAME = "$(TARGET_NAME)";
				SWIFT_VERSION = 5.0;
				TARGETED_DEVICE_FAMILY = "1,2";
				TEST_TARGET_NAME = "Stranger-Chat";
			};
			name = Release;
		};
		D3CAABAC21A2083C00B9149C /* Debug */ = {
			isa = XCBuildConfiguration;
			buildSettings = {
				ALWAYS_SEARCH_USER_PATHS = NO;
				CLANG_ANALYZER_LOCALIZABILITY_NONLOCALIZED = YES;
				CLANG_ANALYZER_NONNULL = YES;
				CLANG_ANALYZER_NUMBER_OBJECT_CONVERSION = YES_AGGRESSIVE;
				CLANG_CXX_LANGUAGE_STANDARD = "gnu++14";
				CLANG_CXX_LIBRARY = "libc++";
				CLANG_ENABLE_MODULES = YES;
				CLANG_ENABLE_OBJC_ARC = YES;
				CLANG_ENABLE_OBJC_WEAK = YES;
				CLANG_WARN_BLOCK_CAPTURE_AUTORELEASING = YES;
				CLANG_WARN_BOOL_CONVERSION = YES;
				CLANG_WARN_COMMA = YES;
				CLANG_WARN_CONSTANT_CONVERSION = YES;
				CLANG_WARN_DEPRECATED_OBJC_IMPLEMENTATIONS = YES;
				CLANG_WARN_DIRECT_OBJC_ISA_USAGE = YES_ERROR;
				CLANG_WARN_DOCUMENTATION_COMMENTS = YES;
				CLANG_WARN_EMPTY_BODY = YES;
				CLANG_WARN_ENUM_CONVERSION = YES;
				CLANG_WARN_INFINITE_RECURSION = YES;
				CLANG_WARN_INT_CONVERSION = YES;
				CLANG_WARN_NON_LITERAL_NULL_CONVERSION = YES;
				CLANG_WARN_OBJC_IMPLICIT_RETAIN_SELF = YES;
				CLANG_WARN_OBJC_LITERAL_CONVERSION = YES;
				CLANG_WARN_OBJC_ROOT_CLASS = YES_ERROR;
				CLANG_WARN_RANGE_LOOP_ANALYSIS = YES;
				CLANG_WARN_STRICT_PROTOTYPES = YES;
				CLANG_WARN_SUSPICIOUS_MOVE = YES;
				CLANG_WARN_UNGUARDED_AVAILABILITY = YES_AGGRESSIVE;
				CLANG_WARN_UNREACHABLE_CODE = YES;
				CLANG_WARN__DUPLICATE_METHOD_MATCH = YES;
				CODE_SIGN_IDENTITY = "iPhone Developer";
				COPY_PHASE_STRIP = NO;
				DEBUG_INFORMATION_FORMAT = dwarf;
				ENABLE_STRICT_OBJC_MSGSEND = YES;
				ENABLE_TESTABILITY = YES;
				GCC_C_LANGUAGE_STANDARD = gnu11;
				GCC_DYNAMIC_NO_PIC = NO;
				GCC_NO_COMMON_BLOCKS = YES;
				GCC_OPTIMIZATION_LEVEL = 0;
				GCC_PREPROCESSOR_DEFINITIONS = (
					"DEBUG=1",
					"$(inherited)",
				);
				GCC_WARN_64_TO_32_BIT_CONVERSION = YES;
				GCC_WARN_ABOUT_RETURN_TYPE = YES_ERROR;
				GCC_WARN_UNDECLARED_SELECTOR = YES;
				GCC_WARN_UNINITIALIZED_AUTOS = YES_AGGRESSIVE;
				GCC_WARN_UNUSED_FUNCTION = YES;
				GCC_WARN_UNUSED_VARIABLE = YES;
				IPHONEOS_DEPLOYMENT_TARGET = 10.0;
				MTL_ENABLE_DEBUG_INFO = INCLUDE_SOURCE;
				MTL_FAST_MATH = YES;
				ONLY_ACTIVE_ARCH = YES;
				SDKROOT = iphoneos;
				SWIFT_ACTIVE_COMPILATION_CONDITIONS = DEBUG;
				SWIFT_OPTIMIZATION_LEVEL = "-Onone";
			};
			name = Debug;
		};
		D3CAABAD21A2083C00B9149C /* Release */ = {
			isa = XCBuildConfiguration;
			buildSettings = {
				ALWAYS_SEARCH_USER_PATHS = NO;
				CLANG_ANALYZER_LOCALIZABILITY_NONLOCALIZED = YES;
				CLANG_ANALYZER_NONNULL = YES;
				CLANG_ANALYZER_NUMBER_OBJECT_CONVERSION = YES_AGGRESSIVE;
				CLANG_CXX_LANGUAGE_STANDARD = "gnu++14";
				CLANG_CXX_LIBRARY = "libc++";
				CLANG_ENABLE_MODULES = YES;
				CLANG_ENABLE_OBJC_ARC = YES;
				CLANG_ENABLE_OBJC_WEAK = YES;
				CLANG_WARN_BLOCK_CAPTURE_AUTORELEASING = YES;
				CLANG_WARN_BOOL_CONVERSION = YES;
				CLANG_WARN_COMMA = YES;
				CLANG_WARN_CONSTANT_CONVERSION = YES;
				CLANG_WARN_DEPRECATED_OBJC_IMPLEMENTATIONS = YES;
				CLANG_WARN_DIRECT_OBJC_ISA_USAGE = YES_ERROR;
				CLANG_WARN_DOCUMENTATION_COMMENTS = YES;
				CLANG_WARN_EMPTY_BODY = YES;
				CLANG_WARN_ENUM_CONVERSION = YES;
				CLANG_WARN_INFINITE_RECURSION = YES;
				CLANG_WARN_INT_CONVERSION = YES;
				CLANG_WARN_NON_LITERAL_NULL_CONVERSION = YES;
				CLANG_WARN_OBJC_IMPLICIT_RETAIN_SELF = YES;
				CLANG_WARN_OBJC_LITERAL_CONVERSION = YES;
				CLANG_WARN_OBJC_ROOT_CLASS = YES_ERROR;
				CLANG_WARN_RANGE_LOOP_ANALYSIS = YES;
				CLANG_WARN_STRICT_PROTOTYPES = YES;
				CLANG_WARN_SUSPICIOUS_MOVE = YES;
				CLANG_WARN_UNGUARDED_AVAILABILITY = YES_AGGRESSIVE;
				CLANG_WARN_UNREACHABLE_CODE = YES;
				CLANG_WARN__DUPLICATE_METHOD_MATCH = YES;
				CODE_SIGN_IDENTITY = "iPhone Developer";
				COPY_PHASE_STRIP = NO;
				DEBUG_INFORMATION_FORMAT = "dwarf-with-dsym";
				ENABLE_NS_ASSERTIONS = NO;
				ENABLE_STRICT_OBJC_MSGSEND = YES;
				GCC_C_LANGUAGE_STANDARD = gnu11;
				GCC_NO_COMMON_BLOCKS = YES;
				GCC_WARN_64_TO_32_BIT_CONVERSION = YES;
				GCC_WARN_ABOUT_RETURN_TYPE = YES_ERROR;
				GCC_WARN_UNDECLARED_SELECTOR = YES;
				GCC_WARN_UNINITIALIZED_AUTOS = YES_AGGRESSIVE;
				GCC_WARN_UNUSED_FUNCTION = YES;
				GCC_WARN_UNUSED_VARIABLE = YES;
				IPHONEOS_DEPLOYMENT_TARGET = 10.0;
				MTL_ENABLE_DEBUG_INFO = NO;
				MTL_FAST_MATH = YES;
				SDKROOT = iphoneos;
				SWIFT_COMPILATION_MODE = wholemodule;
				SWIFT_OPTIMIZATION_LEVEL = "-O";
				VALIDATE_PRODUCT = YES;
			};
			name = Release;
		};
		D3CAABAF21A2083C00B9149C /* Debug */ = {
			isa = XCBuildConfiguration;
			baseConfigurationReference = 17C9842F995B0CBE9DC40E71 /* Pods-Stranger-Chat.debug.xcconfig */;
			buildSettings = {
				ASSETCATALOG_COMPILER_APPICON_NAME = AppIcon;
				CODE_SIGN_STYLE = Automatic;
				DEVELOPMENT_TEAM = G34D5LLHQD;
				INFOPLIST_FILE = "Stranger-Chat/Info.plist";
				IPHONEOS_DEPLOYMENT_TARGET = 13.0;
				LD_RUNPATH_SEARCH_PATHS = (
					"$(inherited)",
					"@executable_path/Frameworks",
				);
				PRODUCT_BUNDLE_IDENTIFIER = "danielczyk.Stranger-Chat";
				PRODUCT_NAME = "$(TARGET_NAME)";
				SWIFT_VERSION = 5.0;
				TARGETED_DEVICE_FAMILY = 1;
			};
			name = Debug;
		};
		D3CAABB021A2083C00B9149C /* Release */ = {
			isa = XCBuildConfiguration;
			baseConfigurationReference = 96B9FC2CD652D695ABFB7ADB /* Pods-Stranger-Chat.release.xcconfig */;
			buildSettings = {
				ASSETCATALOG_COMPILER_APPICON_NAME = AppIcon;
				CODE_SIGN_STYLE = Automatic;
				DEVELOPMENT_TEAM = G34D5LLHQD;
				INFOPLIST_FILE = "Stranger-Chat/Info.plist";
				IPHONEOS_DEPLOYMENT_TARGET = 13.0;
				LD_RUNPATH_SEARCH_PATHS = (
					"$(inherited)",
					"@executable_path/Frameworks",
				);
				PRODUCT_BUNDLE_IDENTIFIER = "danielczyk.Stranger-Chat";
				PRODUCT_NAME = "$(TARGET_NAME)";
				SWIFT_VERSION = 5.0;
				TARGETED_DEVICE_FAMILY = 1;
			};
			name = Release;
		};
		D3CAABB221A2083C00B9149C /* Debug */ = {
			isa = XCBuildConfiguration;
			baseConfigurationReference = 6B1927CEBC69B3FCEDF5BC7C /* Pods-Stranger-ChatTests.debug.xcconfig */;
			buildSettings = {
				BUNDLE_LOADER = "$(TEST_HOST)";
				CODE_SIGN_STYLE = Automatic;
				DEVELOPMENT_TEAM = G34D5LLHQD;
				INFOPLIST_FILE = "Stranger-ChatTests/Info.plist";
				LD_RUNPATH_SEARCH_PATHS = (
					"$(inherited)",
					"@executable_path/Frameworks",
					"@loader_path/Frameworks",
				);
				PRODUCT_BUNDLE_IDENTIFIER = "danielczyk.Stranger-ChatTests";
				PRODUCT_NAME = "$(TARGET_NAME)";
				SWIFT_VERSION = 5.0;
				TARGETED_DEVICE_FAMILY = "1,2";
				TEST_HOST = "$(BUILT_PRODUCTS_DIR)/Stranger-Chat.app/Stranger-Chat";
			};
			name = Debug;
		};
		D3CAABB321A2083C00B9149C /* Release */ = {
			isa = XCBuildConfiguration;
			baseConfigurationReference = 9BCEF05A18C9AB33A5302B59 /* Pods-Stranger-ChatTests.release.xcconfig */;
			buildSettings = {
				BUNDLE_LOADER = "$(TEST_HOST)";
				CODE_SIGN_STYLE = Automatic;
				DEVELOPMENT_TEAM = G34D5LLHQD;
				INFOPLIST_FILE = "Stranger-ChatTests/Info.plist";
				LD_RUNPATH_SEARCH_PATHS = (
					"$(inherited)",
					"@executable_path/Frameworks",
					"@loader_path/Frameworks",
				);
				PRODUCT_BUNDLE_IDENTIFIER = "danielczyk.Stranger-ChatTests";
				PRODUCT_NAME = "$(TARGET_NAME)";
				SWIFT_VERSION = 5.0;
				TARGETED_DEVICE_FAMILY = "1,2";
				TEST_HOST = "$(BUILT_PRODUCTS_DIR)/Stranger-Chat.app/Stranger-Chat";
			};
			name = Release;
		};
/* End XCBuildConfiguration section */

/* Begin XCConfigurationList section */
		D361596822A544180021B346 /* Build configuration list for PBXNativeTarget "Stranger-ChatUITests" */ = {
			isa = XCConfigurationList;
			buildConfigurations = (
				D361596922A544180021B346 /* Debug */,
				D361596A22A544180021B346 /* Release */,
			);
			defaultConfigurationIsVisible = 0;
			defaultConfigurationName = Release;
		};
		D3CAAB8121A2083700B9149C /* Build configuration list for PBXProject "Stranger-Chat" */ = {
			isa = XCConfigurationList;
			buildConfigurations = (
				D3CAABAC21A2083C00B9149C /* Debug */,
				D3CAABAD21A2083C00B9149C /* Release */,
			);
			defaultConfigurationIsVisible = 0;
			defaultConfigurationName = Release;
		};
		D3CAABAE21A2083C00B9149C /* Build configuration list for PBXNativeTarget "Stranger-Chat" */ = {
			isa = XCConfigurationList;
			buildConfigurations = (
				D3CAABAF21A2083C00B9149C /* Debug */,
				D3CAABB021A2083C00B9149C /* Release */,
			);
			defaultConfigurationIsVisible = 0;
			defaultConfigurationName = Release;
		};
		D3CAABB121A2083C00B9149C /* Build configuration list for PBXNativeTarget "Stranger-ChatTests" */ = {
			isa = XCConfigurationList;
			buildConfigurations = (
				D3CAABB221A2083C00B9149C /* Debug */,
				D3CAABB321A2083C00B9149C /* Release */,
			);
			defaultConfigurationIsVisible = 0;
			defaultConfigurationName = Release;
		};
/* End XCConfigurationList section */
	};
	rootObject = D3CAAB7E21A2083700B9149C /* Project object */;
}
